// !$*UTF8*$!
{
	archiveVersion = 1;
	classes = {
	};
	objectVersion = 50;
	objects = {

/* Begin PBXBuildFile section */
		5DFF146D211083C2007F40E8 /* AppDelegate.swift in Sources */ = {isa = PBXBuildFile; fileRef = 5DFF146C211083C2007F40E8 /* AppDelegate.swift */; };
		5DFF1474211083C3007F40E8 /* Assets.xcassets in Resources */ = {isa = PBXBuildFile; fileRef = 5DFF1473211083C3007F40E8 /* Assets.xcassets */; };
		5DFF1481211083EA007F40E8 /* Profile.swift in Sources */ = {isa = PBXBuildFile; fileRef = 5DFF1480211083EA007F40E8 /* Profile.swift */; };
		5DFF14872110841F007F40E8 /* UIViewController+Extensions.swift in Sources */ = {isa = PBXBuildFile; fileRef = 5DFF14862110841F007F40E8 /* UIViewController+Extensions.swift */; };
		5DFF148921108427007F40E8 /* ProfileWorker.swift in Sources */ = {isa = PBXBuildFile; fileRef = 5DFF148821108427007F40E8 /* ProfileWorker.swift */; };
		5DFF148E2110843F007F40E8 /* LaunchViewController.swift in Sources */ = {isa = PBXBuildFile; fileRef = 5DFF148B2110843F007F40E8 /* LaunchViewController.swift */; };
		5DFF148F2110843F007F40E8 /* LaunchScreen.storyboard in Resources */ = {isa = PBXBuildFile; fileRef = 5DFF148C2110843F007F40E8 /* LaunchScreen.storyboard */; };
		5DFF14902110843F007F40E8 /* Launch.storyboard in Resources */ = {isa = PBXBuildFile; fileRef = 5DFF148D2110843F007F40E8 /* Launch.storyboard */; };
		5DFF149621108451007F40E8 /* ProfileList.storyboard in Resources */ = {isa = PBXBuildFile; fileRef = 5DFF149221108451007F40E8 /* ProfileList.storyboard */; };
		5DFF149721108451007F40E8 /* ProfileListViewController.swift in Sources */ = {isa = PBXBuildFile; fileRef = 5DFF149321108451007F40E8 /* ProfileListViewController.swift */; };
		5DFF149821108451007F40E8 /* ProfileCell.swift in Sources */ = {isa = PBXBuildFile; fileRef = 5DFF149421108451007F40E8 /* ProfileCell.swift */; };
		5DFF149921108451007F40E8 /* ProfileListView.swift in Sources */ = {isa = PBXBuildFile; fileRef = 5DFF149521108451007F40E8 /* ProfileListView.swift */; };
/* End PBXBuildFile section */

/* Begin PBXFileReference section */
		5DFF1469211083C2007F40E8 /* ProfileListExample.app */ = {isa = PBXFileReference; explicitFileType = wrapper.application; includeInIndex = 0; path = ProfileListExample.app; sourceTree = BUILT_PRODUCTS_DIR; };
		5DFF146C211083C2007F40E8 /* AppDelegate.swift */ = {isa = PBXFileReference; lastKnownFileType = sourcecode.swift; path = AppDelegate.swift; sourceTree = "<group>"; };
		5DFF1473211083C3007F40E8 /* Assets.xcassets */ = {isa = PBXFileReference; lastKnownFileType = folder.assetcatalog; path = Assets.xcassets; sourceTree = "<group>"; };
		5DFF1478211083C3007F40E8 /* Info.plist */ = {isa = PBXFileReference; lastKnownFileType = text.plist.xml; path = Info.plist; sourceTree = "<group>"; };
		5DFF1480211083EA007F40E8 /* Profile.swift */ = {isa = PBXFileReference; fileEncoding = 4; lastKnownFileType = sourcecode.swift; path = Profile.swift; sourceTree = "<group>"; };
		5DFF14862110841F007F40E8 /* UIViewController+Extensions.swift */ = {isa = PBXFileReference; fileEncoding = 4; lastKnownFileType = sourcecode.swift; path = "UIViewController+Extensions.swift"; sourceTree = "<group>"; };
		5DFF148821108427007F40E8 /* ProfileWorker.swift */ = {isa = PBXFileReference; fileEncoding = 4; lastKnownFileType = sourcecode.swift; path = ProfileWorker.swift; sourceTree = "<group>"; };
		5DFF148B2110843F007F40E8 /* LaunchViewController.swift */ = {isa = PBXFileReference; fileEncoding = 4; lastKnownFileType = sourcecode.swift; path = LaunchViewController.swift; sourceTree = "<group>"; };
		5DFF148C2110843F007F40E8 /* LaunchScreen.storyboard */ = {isa = PBXFileReference; fileEncoding = 4; lastKnownFileType = file.storyboard; path = LaunchScreen.storyboard; sourceTree = "<group>"; };
		5DFF148D2110843F007F40E8 /* Launch.storyboard */ = {isa = PBXFileReference; fileEncoding = 4; lastKnownFileType = file.storyboard; path = Launch.storyboard; sourceTree = "<group>"; };
		5DFF149221108451007F40E8 /* ProfileList.storyboard */ = {isa = PBXFileReference; fileEncoding = 4; lastKnownFileType = file.storyboard; path = ProfileList.storyboard; sourceTree = "<group>"; };
		5DFF149321108451007F40E8 /* ProfileListViewController.swift */ = {isa = PBXFileReference; fileEncoding = 4; lastKnownFileType = sourcecode.swift; path = ProfileListViewController.swift; sourceTree = "<group>"; };
		5DFF149421108451007F40E8 /* ProfileCell.swift */ = {isa = PBXFileReference; fileEncoding = 4; lastKnownFileType = sourcecode.swift; path = ProfileCell.swift; sourceTree = "<group>"; };
		5DFF149521108451007F40E8 /* ProfileListView.swift */ = {isa = PBXFileReference; fileEncoding = 4; lastKnownFileType = sourcecode.swift; path = ProfileListView.swift; sourceTree = "<group>"; };
/* End PBXFileReference section */

/* Begin PBXFrameworksBuildPhase section */
		5DFF1466211083C2007F40E8 /* Frameworks */ = {
			isa = PBXFrameworksBuildPhase;
			buildActionMask = 2147483647;
			files = (
			);
			runOnlyForDeploymentPostprocessing = 0;
		};
/* End PBXFrameworksBuildPhase section */

/* Begin PBXGroup section */
		5DFF1460211083C2007F40E8 = {
			isa = PBXGroup;
			children = (
				5DFF146B211083C2007F40E8 /* ProfileListExample */,
				5DFF146A211083C2007F40E8 /* Products */,
			);
			sourceTree = "<group>";
		};
		5DFF146A211083C2007F40E8 /* Products */ = {
			isa = PBXGroup;
			children = (
				5DFF1469211083C2007F40E8 /* ProfileListExample.app */,
			);
			name = Products;
			sourceTree = "<group>";
		};
		5DFF146B211083C2007F40E8 /* ProfileListExample */ = {
			isa = PBXGroup;
			children = (
				5DFF148521108416007F40E8 /* Scenes */,
				5DFF14842110840A007F40E8 /* Workers */,
				5DFF1483211083FD007F40E8 /* Extensions */,
				5DFF1482211083EE007F40E8 /* Model */,
				5DFF146C211083C2007F40E8 /* AppDelegate.swift */,
				5DFF1473211083C3007F40E8 /* Assets.xcassets */,
				5DFF1478211083C3007F40E8 /* Info.plist */,
			);
			path = ProfileListExample;
			sourceTree = "<group>";
		};
		5DFF1482211083EE007F40E8 /* Model */ = {
			isa = PBXGroup;
			children = (
				5DFF1480211083EA007F40E8 /* Profile.swift */,
			);
			path = Model;
			sourceTree = "<group>";
		};
		5DFF1483211083FD007F40E8 /* Extensions */ = {
			isa = PBXGroup;
			children = (
				5DFF14862110841F007F40E8 /* UIViewController+Extensions.swift */,
			);
			path = Extensions;
			sourceTree = "<group>";
		};
		5DFF14842110840A007F40E8 /* Workers */ = {
			isa = PBXGroup;
			children = (
				5DFF148821108427007F40E8 /* ProfileWorker.swift */,
			);
			path = Workers;
			sourceTree = "<group>";
		};
		5DFF148521108416007F40E8 /* Scenes */ = {
			isa = PBXGroup;
			children = (
				5DFF149121108446007F40E8 /* ProfileList */,
				5DFF148A21108431007F40E8 /* Launch */,
			);
			path = Scenes;
			sourceTree = "<group>";
		};
		5DFF148A21108431007F40E8 /* Launch */ = {
			isa = PBXGroup;
			children = (
				5DFF148D2110843F007F40E8 /* Launch.storyboard */,
				5DFF148C2110843F007F40E8 /* LaunchScreen.storyboard */,
				5DFF148B2110843F007F40E8 /* LaunchViewController.swift */,
			);
			path = Launch;
			sourceTree = "<group>";
		};
		5DFF149121108446007F40E8 /* ProfileList */ = {
			isa = PBXGroup;
			children = (
				5DFF149321108451007F40E8 /* ProfileListViewController.swift */,
				5DFF149521108451007F40E8 /* ProfileListView.swift */,
				5DFF149421108451007F40E8 /* ProfileCell.swift */,
				5DFF149221108451007F40E8 /* ProfileList.storyboard */,
			);
			path = ProfileList;
			sourceTree = "<group>";
		};
/* End PBXGroup section */

/* Begin PBXNativeTarget section */
		5DFF1468211083C2007F40E8 /* ProfileListExample */ = {
			isa = PBXNativeTarget;
			buildConfigurationList = 5DFF147B211083C3007F40E8 /* Build configuration list for PBXNativeTarget "ProfileListExample" */;
			buildPhases = (
				5DFF1465211083C2007F40E8 /* Sources */,
				5DFF1466211083C2007F40E8 /* Frameworks */,
				5DFF1467211083C2007F40E8 /* Resources */,
			);
			buildRules = (
			);
			dependencies = (
			);
			name = ProfileListExample;
			productName = ProfileListExample;
			productReference = 5DFF1469211083C2007F40E8 /* ProfileListExample.app */;
			productType = "com.apple.product-type.application";
		};
/* End PBXNativeTarget section */

/* Begin PBXProject section */
		5DFF1461211083C2007F40E8 /* Project object */ = {
			isa = PBXProject;
			attributes = {
				LastSwiftUpdateCheck = 0940;
				LastUpgradeCheck = 0940;
				ORGANIZATIONNAME = "Dmitriy Polyakov";
				TargetAttributes = {
					5DFF1468211083C2007F40E8 = {
						CreatedOnToolsVersion = 9.4.1;
					};
				};
			};
			buildConfigurationList = 5DFF1464211083C2007F40E8 /* Build configuration list for PBXProject "ProfileListExample" */;
			compatibilityVersion = "Xcode 9.3";
			developmentRegion = en;
			hasScannedForEncodings = 0;
			knownRegions = (
				en,
				Base,
			);
			mainGroup = 5DFF1460211083C2007F40E8;
			productRefGroup = 5DFF146A211083C2007F40E8 /* Products */;
			projectDirPath = "";
			projectRoot = "";
			targets = (
				5DFF1468211083C2007F40E8 /* ProfileListExample */,
			);
		};
/* End PBXProject section */

/* Begin PBXResourcesBuildPhase section */
		5DFF1467211083C2007F40E8 /* Resources */ = {
			isa = PBXResourcesBuildPhase;
			buildActionMask = 2147483647;
			files = (
				5DFF1474211083C3007F40E8 /* Assets.xcassets in Resources */,
				5DFF148F2110843F007F40E8 /* LaunchScreen.storyboard in Resources */,
				5DFF149621108451007F40E8 /* ProfileList.storyboard in Resources */,
				5DFF14902110843F007F40E8 /* Launch.storyboard in Resources */,
			);
			runOnlyForDeploymentPostprocessing = 0;
		};
/* End PBXResourcesBuildPhase section */

/* Begin PBXSourcesBuildPhase section */
		5DFF1465211083C2007F40E8 /* Sources */ = {
			isa = PBXSourcesBuildPhase;
			buildActionMask = 2147483647;
			files = (
				5DFF149921108451007F40E8 /* ProfileListView.swift in Sources */,
				5DFF146D211083C2007F40E8 /* AppDelegate.swift in Sources */,
				5DFF148E2110843F007F40E8 /* LaunchViewController.swift in Sources */,
				5DFF148921108427007F40E8 /* ProfileWorker.swift in Sources */,
				5DFF14872110841F007F40E8 /* UIViewController+Extensions.swift in Sources */,
				5DFF149721108451007F40E8 /* ProfileListViewController.swift in Sources */,
				5DFF1481211083EA007F40E8 /* Profile.swift in Sources */,
				5DFF149821108451007F40E8 /* ProfileCell.swift in Sources */,
			);
			runOnlyForDeploymentPostprocessing = 0;
		};
/* End PBXSourcesBuildPhase section */

/* Begin XCBuildConfiguration section */
		5DFF1479211083C3007F40E8 /* Debug */ = {
			isa = XCBuildConfiguration;
			buildSettings = {
				ALWAYS_SEARCH_USER_PATHS = NO;
				CLANG_ANALYZER_NONNULL = YES;
				CLANG_ANALYZER_NUMBER_OBJECT_CONVERSION = YES_AGGRESSIVE;
				CLANG_CXX_LANGUAGE_STANDARD = "gnu++14";
				CLANG_CXX_LIBRARY = "libc++";
				CLANG_ENABLE_MODULES = YES;
				CLANG_ENABLE_OBJC_ARC = YES;
				CLANG_ENABLE_OBJC_WEAK = YES;
				CLANG_WARN_BLOCK_CAPTURE_AUTORELEASING = YES;
				CLANG_WARN_BOOL_CONVERSION = YES;
				CLANG_WARN_COMMA = YES;
				CLANG_WARN_CONSTANT_CONVERSION = YES;
				CLANG_WARN_DEPRECATED_OBJC_IMPLEMENTATIONS = YES;
				CLANG_WARN_DIRECT_OBJC_ISA_USAGE = YES_ERROR;
				CLANG_WARN_DOCUMENTATION_COMMENTS = YES;
				CLANG_WARN_EMPTY_BODY = YES;
				CLANG_WARN_ENUM_CONVERSION = YES;
				CLANG_WARN_INFINITE_RECURSION = YES;
				CLANG_WARN_INT_CONVERSION = YES;
				CLANG_WARN_NON_LITERAL_NULL_CONVERSION = YES;
				CLANG_WARN_OBJC_IMPLICIT_RETAIN_SELF = YES;
				CLANG_WARN_OBJC_LITERAL_CONVERSION = YES;
				CLANG_WARN_OBJC_ROOT_CLASS = YES_ERROR;
				CLANG_WARN_RANGE_LOOP_ANALYSIS = YES;
				CLANG_WARN_STRICT_PROTOTYPES = YES;
				CLANG_WARN_SUSPICIOUS_MOVE = YES;
				CLANG_WARN_UNGUARDED_AVAILABILITY = YES_AGGRESSIVE;
				CLANG_WARN_UNREACHABLE_CODE = YES;
				CLANG_WARN__DUPLICATE_METHOD_MATCH = YES;
				CODE_SIGN_IDENTITY = "iPhone Developer";
				COPY_PHASE_STRIP = NO;
				DEBUG_INFORMATION_FORMAT = dwarf;
				ENABLE_STRICT_OBJC_MSGSEND = YES;
				ENABLE_TESTABILITY = YES;
				GCC_C_LANGUAGE_STANDARD = gnu11;
				GCC_DYNAMIC_NO_PIC = NO;
				GCC_NO_COMMON_BLOCKS = YES;
				GCC_OPTIMIZATION_LEVEL = 0;
				GCC_PREPROCESSOR_DEFINITIONS = (
					"DEBUG=1",
					"$(inherited)",
				);
				GCC_WARN_64_TO_32_BIT_CONVERSION = YES;
				GCC_WARN_ABOUT_RETURN_TYPE = YES_ERROR;
				GCC_WARN_UNDECLARED_SELECTOR = YES;
				GCC_WARN_UNINITIALIZED_AUTOS = YES_AGGRESSIVE;
				GCC_WARN_UNUSED_FUNCTION = YES;
				GCC_WARN_UNUSED_VARIABLE = YES;
				IPHONEOS_DEPLOYMENT_TARGET = 9.0;
				MTL_ENABLE_DEBUG_INFO = YES;
				ONLY_ACTIVE_ARCH = YES;
				SDKROOT = iphoneos;
				SWIFT_ACTIVE_COMPILATION_CONDITIONS = DEBUG;
				SWIFT_OPTIMIZATION_LEVEL = "-Onone";
			};
			name = Debug;
		};
		5DFF147A211083C3007F40E8 /* Release */ = {
			isa = XCBuildConfiguration;
			buildSettings = {
				ALWAYS_SEARCH_USER_PATHS = NO;
				CLANG_ANALYZER_NONNULL = YES;
				CLANG_ANALYZER_NUMBER_OBJECT_CONVERSION = YES_AGGRESSIVE;
				CLANG_CXX_LANGUAGE_STANDARD = "gnu++14";
				CLANG_CXX_LIBRARY = "libc++";
				CLANG_ENABLE_MODULES = YES;
				CLANG_ENABLE_OBJC_ARC = YES;
				CLANG_ENABLE_OBJC_WEAK = YES;
				CLANG_WARN_BLOCK_CAPTURE_AUTORELEASING = YES;
				CLANG_WARN_BOOL_CONVERSION = YES;
				CLANG_WARN_COMMA = YES;
				CLANG_WARN_CONSTANT_CONVERSION = YES;
				CLANG_WARN_DEPRECATED_OBJC_IMPLEMENTATIONS = YES;
				CLANG_WARN_DIRECT_OBJC_ISA_USAGE = YES_ERROR;
				CLANG_WARN_DOCUMENTATION_COMMENTS = YES;
				CLANG_WARN_EMPTY_BODY = YES;
				CLANG_WARN_ENUM_CONVERSION = YES;
				CLANG_WARN_INFINITE_RECURSION = YES;
				CLANG_WARN_INT_CONVERSION = YES;
				CLANG_WARN_NON_LITERAL_NULL_CONVERSION = YES;
				CLANG_WARN_OBJC_IMPLICIT_RETAIN_SELF = YES;
				CLANG_WARN_OBJC_LITERAL_CONVERSION = YES;
				CLANG_WARN_OBJC_ROOT_CLASS = YES_ERROR;
				CLANG_WARN_RANGE_LOOP_ANALYSIS = YES;
				CLANG_WARN_STRICT_PROTOTYPES = YES;
				CLANG_WARN_SUSPICIOUS_MOVE = YES;
				CLANG_WARN_UNGUARDED_AVAILABILITY = YES_AGGRESSIVE;
				CLANG_WARN_UNREACHABLE_CODE = YES;
				CLANG_WARN__DUPLICATE_METHOD_MATCH = YES;
				CODE_SIGN_IDENTITY = "iPhone Developer";
				COPY_PHASE_STRIP = NO;
				DEBUG_INFORMATION_FORMAT = "dwarf-with-dsym";
				ENABLE_NS_ASSERTIONS = NO;
				ENABLE_STRICT_OBJC_MSGSEND = YES;
				GCC_C_LANGUAGE_STANDARD = gnu11;
				GCC_NO_COMMON_BLOCKS = YES;
				GCC_WARN_64_TO_32_BIT_CONVERSION = YES;
				GCC_WARN_ABOUT_RETURN_TYPE = YES_ERROR;
				GCC_WARN_UNDECLARED_SELECTOR = YES;
				GCC_WARN_UNINITIALIZED_AUTOS = YES_AGGRESSIVE;
				GCC_WARN_UNUSED_FUNCTION = YES;
				GCC_WARN_UNUSED_VARIABLE = YES;
				IPHONEOS_DEPLOYMENT_TARGET = 9.0;
				MTL_ENABLE_DEBUG_INFO = NO;
				SDKROOT = iphoneos;
				SWIFT_COMPILATION_MODE = wholemodule;
				SWIFT_OPTIMIZATION_LEVEL = "-O";
				VALIDATE_PRODUCT = YES;
			};
			name = Release;
		};
		5DFF147C211083C3007F40E8 /* Debug */ = {
			isa = XCBuildConfiguration;
			buildSettings = {
				ASSETCATALOG_COMPILER_APPICON_NAME = AppIcon;
				CODE_SIGN_STYLE = Automatic;
				DEVELOPMENT_TEAM = GFFYGCRP4V;
				INFOPLIST_FILE = ProfileListExample/Info.plist;
				LD_RUNPATH_SEARCH_PATHS = (
					"$(inherited)",
					"@executable_path/Frameworks",
				);
				PRODUCT_BUNDLE_IDENTIFIER = com.tinyforge.ProfileListExample;
				PRODUCT_NAME = "$(TARGET_NAME)";
				SWIFT_VERSION = 4.0;
				TARGETED_DEVICE_FAMILY = "1,2";
			};
			name = Debug;
		};
		5DFF147D211083C3007F40E8 /* Release */ = {
			isa = XCBuildConfiguration;
			buildSettings = {
				ASSETCATALOG_COMPILER_APPICON_NAME = AppIcon;
				CODE_SIGN_STYLE = Automatic;
				DEVELOPMENT_TEAM = GFFYGCRP4V;
				INFOPLIST_FILE = ProfileListExample/Info.plist;
				LD_RUNPATH_SEARCH_PATHS = (
					"$(inherited)",
					"@executable_path/Frameworks",
				);
				PRODUCT_BUNDLE_IDENTIFIER = com.tinyforge.ProfileListExample;
				PRODUCT_NAME = "$(TARGET_NAME)";
				SWIFT_VERSION = 4.0;
				TARGETED_DEVICE_FAMILY = "1,2";
			};
			name = Release;
		};
/* End XCBuildConfiguration section */

/* Begin XCConfigurationList section */
		5DFF1464211083C2007F40E8 /* Build configuration list for PBXProject "ProfileListExample" */ = {
			isa = XCConfigurationList;
			buildConfigurations = (
				5DFF1479211083C3007F40E8 /* Debug */,
				5DFF147A211083C3007F40E8 /* Release */,
			);
			defaultConfigurationIsVisible = 0;
			defaultConfigurationName = Release;
		};
		5DFF147B211083C3007F40E8 /* Build configuration list for PBXNativeTarget "ProfileListExample" */ = {
			isa = XCConfigurationList;
			buildConfigurations = (
				5DFF147C211083C3007F40E8 /* Debug */,
				5DFF147D211083C3007F40E8 /* Release */,
			);
			defaultConfigurationIsVisible = 0;
			defaultConfigurationName = Release;
		};
/* End XCConfigurationList section */
	};
	rootObject = 5DFF1461211083C2007F40E8 /* Project object */;
}
